// !$*UTF8*$!
{
	archiveVersion = 1;
	classes = {
	};
	objectVersion = 50;
	objects = {

/* Begin PBXBuildFile section */
		222F5180279D7B2E00072BE5 /* main.swift in Sources */ = {isa = PBXBuildFile; fileRef = 222F517F279D7B2E00072BE5 /* main.swift */; };
/* End PBXBuildFile section */

/* Begin PBXCopyFilesBuildPhase section */
		2217CE7326E9FD5C00851DCE /* CopyFiles */ = {
			isa = PBXCopyFilesBuildPhase;
			buildActionMask = 2147483647;
			dstPath = /usr/share/man/man1/;
			dstSubfolderSpec = 0;
			files = (
			);
			runOnlyForDeploymentPostprocessing = 1;
		};
/* End PBXCopyFilesBuildPhase section */

/* Begin PBXFileReference section */
		2201670F275D2910003F5043 /* main.swift */ = {isa = PBXFileReference; lastKnownFileType = sourcecode.swift; path = main.swift; sourceTree = "<group>"; };
		221353F02793F94C00359B44 /* main.swift */ = {isa = PBXFileReference; lastKnownFileType = sourcecode.swift; path = main.swift; sourceTree = "<group>"; };
		221353F427941B1200359B44 /* main.swift */ = {isa = PBXFileReference; lastKnownFileType = sourcecode.swift; name = main.swift; path = 4949/main.swift; sourceTree = "<group>"; };
		221353F827951F7A00359B44 /* main.swift */ = {isa = PBXFileReference; lastKnownFileType = sourcecode.swift; path = main.swift; sourceTree = "<group>"; };
		2217CE7526E9FD5C00851DCE /* SwiftAlgorithms */ = {isa = PBXFileReference; explicitFileType = "compiled.mach-o.executable"; includeInIndex = 0; path = SwiftAlgorithms; sourceTree = BUILT_PRODUCTS_DIR; };
		2217CE7826E9FD5C00851DCE /* main.swift */ = {isa = PBXFileReference; lastKnownFileType = sourcecode.swift; path = main.swift; sourceTree = "<group>"; };
		222324652785EEE400F0DD0B /* main.swift */ = {isa = PBXFileReference; lastKnownFileType = sourcecode.swift; path = main.swift; sourceTree = "<group>"; };
		222C9112277240CA00683A1D /* main.swift */ = {isa = PBXFileReference; lastKnownFileType = sourcecode.swift; path = main.swift; sourceTree = "<group>"; };
		222F517F279D7B2E00072BE5 /* main.swift */ = {isa = PBXFileReference; lastKnownFileType = sourcecode.swift; path = main.swift; sourceTree = "<group>"; };
		223C1804274F6F30001A145D /* main.swift */ = {isa = PBXFileReference; lastKnownFileType = sourcecode.swift; path = main.swift; sourceTree = "<group>"; };
		223C180E274F75BA001A145D /* main.swift */ = {isa = PBXFileReference; lastKnownFileType = sourcecode.swift; path = main.swift; sourceTree = "<group>"; };
		2251881127970A0200B00042 /* main.swift */ = {isa = PBXFileReference; lastKnownFileType = sourcecode.swift; path = main.swift; sourceTree = "<group>"; };
		225188382799A10700B00042 /* main.swift */ = {isa = PBXFileReference; lastKnownFileType = sourcecode.swift; path = main.swift; sourceTree = "<group>"; };
		2251883B279B068600B00042 /* main.swift */ = {isa = PBXFileReference; lastKnownFileType = sourcecode.swift; path = main.swift; sourceTree = "<group>"; };
		2270B75827885A2C004703FE /* main.swift */ = {isa = PBXFileReference; fileEncoding = 4; lastKnownFileType = sourcecode.swift; name = main.swift; path = "Summer-Winter Coding(~2018)/스킬트리/main.swift"; sourceTree = "<group>"; };
		2270B75C27885AB1004703FE /* main.swift */ = {isa = PBXFileReference; lastKnownFileType = sourcecode.swift; path = main.swift; sourceTree = "<group>"; };
		2270B75F278BEAD6004703FE /* main.swift */ = {isa = PBXFileReference; lastKnownFileType = sourcecode.swift; path = main.swift; sourceTree = "<group>"; };
		2270B763278BFEC4004703FE /* main.swift */ = {isa = PBXFileReference; lastKnownFileType = sourcecode.swift; path = main.swift; sourceTree = "<group>"; };
		228CD5FD2780A39B00151F06 /* main.swift */ = {isa = PBXFileReference; lastKnownFileType = sourcecode.swift; path = main.swift; sourceTree = "<group>"; };
		228CD6012780BD6000151F06 /* main.swift */ = {isa = PBXFileReference; lastKnownFileType = sourcecode.swift; path = main.swift; sourceTree = "<group>"; };
		228E5728279C17D300C60B1B /* main.swift */ = {isa = PBXFileReference; lastKnownFileType = sourcecode.swift; path = main.swift; sourceTree = "<group>"; };
		229209592755BA77001657FB /* main.swift */ = {isa = PBXFileReference; lastKnownFileType = sourcecode.swift; path = main.swift; sourceTree = "<group>"; };
		2292095C27565DDA001657FB /* main.swift */ = {isa = PBXFileReference; lastKnownFileType = sourcecode.swift; path = main.swift; sourceTree = "<group>"; };
		22B04635278F1F8E00FDD67C /* main.swift */ = {isa = PBXFileReference; lastKnownFileType = sourcecode.swift; path = main.swift; sourceTree = "<group>"; };
		22B883212791B0D700876A19 /* main.swift */ = {isa = PBXFileReference; lastKnownFileType = sourcecode.swift; path = main.swift; sourceTree = "<group>"; };
		22B88325279332C200876A19 /* main.swift */ = {isa = PBXFileReference; lastKnownFileType = sourcecode.swift; path = main.swift; sourceTree = "<group>"; };
		22D734E427797ED400D22AC1 /* main.swift */ = {isa = PBXFileReference; lastKnownFileType = sourcecode.swift; path = main.swift; sourceTree = "<group>"; };
		22FDC7292795C0C300F8A22C /* main.swift */ = {isa = PBXFileReference; lastKnownFileType = sourcecode.swift; path = main.swift; sourceTree = "<group>"; };
		22FDC72D2796DEF600F8A22C /* main.swift */ = {isa = PBXFileReference; lastKnownFileType = sourcecode.swift; path = main.swift; sourceTree = "<group>"; };
		22FF5C7E2784574D00794118 /* main.swift */ = {isa = PBXFileReference; lastKnownFileType = sourcecode.swift; path = main.swift; sourceTree = "<group>"; };
		22FF5C832784836F00794118 /* main.swift */ = {isa = PBXFileReference; lastKnownFileType = sourcecode.swift; path = main.swift; sourceTree = "<group>"; };
/* End PBXFileReference section */

/* Begin PBXFrameworksBuildPhase section */
		2217CE7226E9FD5C00851DCE /* Frameworks */ = {
			isa = PBXFrameworksBuildPhase;
			buildActionMask = 2147483647;
			files = (
			);
			runOnlyForDeploymentPostprocessing = 0;
		};
/* End PBXFrameworksBuildPhase section */

/* Begin PBXGroup section */
		2201670A275C7D90003F5043 /* Programmers */ = {
			isa = PBXGroup;
			children = (
				221353EE2793F92E00359B44 /* 월간 코드 챌린지 시즌1 */,
				22B88323279332A500876A19 /* 월간 코드 챌린지 시즌2 */,
				22B8831F2791B0B100876A19 /* 2019 카카오 개발자 겨울 인턴십 */,
				22B04633278F1F6E00FDD67C /* 2021 카카오 채용연계형 인턴십 */,
				2270B761278BFEAD004703FE /* 힙(Heap) */,
				2270B75A27885A59004703FE /* 깊이,너비우선탐색(DFS,BFS) */,
				2255DAA12787052700928BB7 /* Summer-Winter Coding(~2018) */,
				222324632785EEC500F0DD0B /* 연습문제 */,
				22FF5C7C2784572200794118 /* 위클리 챌린지 */,
				228CD5FF2780BD4400151F06 /* 그리디 */,
				228CD5FB2780A35E00151F06 /* 2020 카카오 인턴십 */,
				22D734E127797E9200D22AC1 /* 월간 코드 챌린지 시즌3 */,
				222C911027723DA600683A1D /* 2021 KAKAO BLIND RECRUITMENT */,
				222C910E27723CE800683A1D /* 2019 KAKAO BLIND RECRUITMENT */,
				222C910D27723C9600683A1D /* 2021 Dev-Matching 웹 백엔드 개발자 (상반기) */,
			);
			path = Programmers;
			sourceTree = "<group>";
		};
		2201670B275C7DA1003F5043 /* 다단계 칫솔 판매 */ = {
			isa = PBXGroup;
			children = (
				2201670F275D2910003F5043 /* main.swift */,
			);
			name = "다단계 칫솔 판매";
			path = "다단계 칫솔 판매";
			sourceTree = "<group>";
		};
		2201670E275C7DE4003F5043 /* LeetCode */ = {
			isa = PBXGroup;
			children = (
				22FF5C822784835D00794118 /* LeetCode46 */,
				2292095B27565DC7001657FB /* LeetCode189 */,
				229209582755BA4E001657FB /* LeetCode977 */,
				223C180D274F75A9001A145D /* LeetCode69 */,
				223C1803274F6F1A001A145D /* LeetCode35 */,
			);
			path = LeetCode;
			sourceTree = "<group>";
		};
		221353EE2793F92E00359B44 /* 월간 코드 챌린지 시즌1 */ = {
			isa = PBXGroup;
			children = (
				221353EF2793F93C00359B44 /* 풍선 터트리기 */,
			);
			name = "월간 코드 챌린지 시즌1";
			path = "월간 코드 챌린지 시즌1";
			sourceTree = "<group>";
		};
		221353EF2793F93C00359B44 /* 풍선 터트리기 */ = {
			isa = PBXGroup;
			children = (
				221353F02793F94C00359B44 /* main.swift */,
			);
			name = "풍선 터트리기";
			path = "풍선 터트리기";
			sourceTree = "<group>";
		};
		221353F227941AE900359B44 /* BOJ */ = {
			isa = PBXGroup;
			children = (
				22FDC72B2796DEE500F8A22C /* 1900 */,
				22FDC7272795C0AF00F8A22C /* 2600 */,
				221353F627951F5400359B44 /* 1200 */,
				221353F327941AFC00359B44 /* 4900 */,
			);
			path = BOJ;
			sourceTree = "<group>";
		};
		221353F327941AFC00359B44 /* 4900 */ = {
			isa = PBXGroup;
			children = (
				221353F427941B1200359B44 /* main.swift */,
			);
			path = 4900;
			sourceTree = "<group>";
		};
		221353F627951F5400359B44 /* 1200 */ = {
			isa = PBXGroup;
			children = (
				221353F727951F6E00359B44 /* 1256 */,
			);
			path = 1200;
			sourceTree = "<group>";
		};
		221353F727951F6E00359B44 /* 1256 */ = {
			isa = PBXGroup;
			children = (
				221353F827951F7A00359B44 /* main.swift */,
			);
			path = 1256;
			sourceTree = "<group>";
		};
		2217CE6C26E9FD5C00851DCE = {
			isa = PBXGroup;
			children = (
				2217CE7726E9FD5C00851DCE /* SwiftAlgorithms */,
				2217CE7626E9FD5C00851DCE /* Products */,
			);
			sourceTree = "<group>";
		};
		2217CE7626E9FD5C00851DCE /* Products */ = {
			isa = PBXGroup;
			children = (
				2217CE7526E9FD5C00851DCE /* SwiftAlgorithms */,
			);
			name = Products;
			sourceTree = "<group>";
		};
		2217CE7726E9FD5C00851DCE /* SwiftAlgorithms */ = {
			isa = PBXGroup;
			children = (
				221353F227941AE900359B44 /* BOJ */,
				2201670E275C7DE4003F5043 /* LeetCode */,
				2201670A275C7D90003F5043 /* Programmers */,
			);
			path = SwiftAlgorithms;
			sourceTree = "<group>";
		};
		222324632785EEC500F0DD0B /* 연습문제 */ = {
			isa = PBXGroup;
			children = (
				222324642785EECC00F0DD0B /* 문자열 내 마음대로 정렬하기 */,
			);
			name = "연습문제";
			path = "연습문제";
			sourceTree = "<group>";
		};
		222324642785EECC00F0DD0B /* 문자열 내 마음대로 정렬하기 */ = {
			isa = PBXGroup;
			children = (
				222324652785EEE400F0DD0B /* main.swift */,
			);
			name = "문자열 내 마음대로 정렬하기";
			path = "문자열 내 마음대로 정렬하기";
			sourceTree = "<group>";
		};
		222C910D27723C9600683A1D /* 2021 Dev-Matching 웹 백엔드 개발자 (상반기) */ = {
			isa = PBXGroup;
			children = (
				2201670B275C7DA1003F5043 /* 다단계 칫솔 판매 */,
			);
			path = "2021 Dev-Matching 웹 백엔드 개발자 (상반기)";
			sourceTree = "<group>";
		};
		222C910E27723CE800683A1D /* 2019 KAKAO BLIND RECRUITMENT */ = {
			isa = PBXGroup;
			children = (
				2251883A279B067A00B00042 /* 실패율 */,
				2270B75E278BEAC9004703FE /* 길 찾기 게임 */,
				222C910F27723CF400683A1D /* 오픈채팅방 */,
			);
			path = "2019 KAKAO BLIND RECRUITMENT";
			sourceTree = "<group>";
		};
		222C910F27723CF400683A1D /* 오픈채팅방 */ = {
			isa = PBXGroup;
			children = (
				222C9112277240CA00683A1D /* main.swift */,
			);
			name = "오픈채팅방";
			path = "오픈채팅방";
			sourceTree = "<group>";
		};
		222C911027723DA600683A1D /* 2021 KAKAO BLIND RECRUITMENT */ = {
			isa = PBXGroup;
			children = (
				222C911127723DB700683A1D /* 합승 택시 요금 */,
			);
			path = "2021 KAKAO BLIND RECRUITMENT";
			sourceTree = "<group>";
		};
		222C911127723DB700683A1D /* 합승 택시 요금 */ = {
			isa = PBXGroup;
			children = (
				2217CE7826E9FD5C00851DCE /* main.swift */,
			);
			name = "합승 택시 요금";
			path = "합승 택시 요금";
			sourceTree = "<group>";
		};
		222F517E279D7B1C00072BE5 /* 수식 최대화 */ = {
			isa = PBXGroup;
			children = (
				222F517F279D7B2E00072BE5 /* main.swift */,
			);
			name = "수식 최대화";
			path = "수식 최대화";
			sourceTree = "<group>";
		};
		223C1803274F6F1A001A145D /* LeetCode35 */ = {
			isa = PBXGroup;
			children = (
				223C1804274F6F30001A145D /* main.swift */,
			);
			path = LeetCode35;
			sourceTree = "<group>";
		};
		223C180D274F75A9001A145D /* LeetCode69 */ = {
			isa = PBXGroup;
			children = (
				223C180E274F75BA001A145D /* main.swift */,
			);
			path = LeetCode69;
			sourceTree = "<group>";
		};
		22518810279709EC00B00042 /* 단어 변환 */ = {
			isa = PBXGroup;
			children = (
				2251881127970A0200B00042 /* main.swift */,
			);
			name = "단어 변환";
			path = "단어 변환";
			sourceTree = "<group>";
		};
		225188372799A0F600B00042 /* 여행경로 */ = {
			isa = PBXGroup;
			children = (
				225188382799A10700B00042 /* main.swift */,
			);
			name = "여행경로";
			path = "여행경로";
			sourceTree = "<group>";
		};
		2251883A279B067A00B00042 /* 실패율 */ = {
			isa = PBXGroup;
			children = (
				2251883B279B068600B00042 /* main.swift */,
			);
			name = "실패율";
			path = "실패율";
			sourceTree = "<group>";
		};
		2255DAA12787052700928BB7 /* Summer-Winter Coding(~2018) */ = {
			isa = PBXGroup;
			children = (
				228E5727279C17BF00C60B1B /* 방문 길이 */,
				2255DAA22787057F00928BB7 /* 스킬트리 */,
			);
			name = "Summer-Winter Coding(~2018)";
			sourceTree = "<group>";
		};
		2255DAA22787057F00928BB7 /* 스킬트리 */ = {
			isa = PBXGroup;
			children = (
				2270B75827885A2C004703FE /* main.swift */,
			);
			name = "스킬트리";
			sourceTree = "<group>";
		};
		2270B75A27885A59004703FE /* 깊이,너비우선탐색(DFS,BFS) */ = {
			isa = PBXGroup;
			children = (
				225188372799A0F600B00042 /* 여행경로 */,
				22518810279709EC00B00042 /* 단어 변환 */,
				2270B75B27885AA2004703FE /* 네트워크 */,
			);
			name = "깊이,너비우선탐색(DFS,BFS)";
			path = "깊이,너비우선탐색(DFS,BFS)";
			sourceTree = "<group>";
		};
		2270B75B27885AA2004703FE /* 네트워크 */ = {
			isa = PBXGroup;
			children = (
				2270B75C27885AB1004703FE /* main.swift */,
			);
			name = "네트워크";
			path = "네트워크";
			sourceTree = "<group>";
		};
		2270B75E278BEAC9004703FE /* 길 찾기 게임 */ = {
			isa = PBXGroup;
			children = (
				2270B75F278BEAD6004703FE /* main.swift */,
			);
			name = "길 찾기 게임";
			path = "길 찾기 게임";
			sourceTree = "<group>";
		};
		2270B761278BFEAD004703FE /* 힙(Heap) */ = {
			isa = PBXGroup;
			children = (
				2270B762278BFEB8004703FE /* 이중우선순위큐 */,
			);
			name = "힙(Heap)";
			path = "힙(Heap)";
			sourceTree = "<group>";
		};
		2270B762278BFEB8004703FE /* 이중우선순위큐 */ = {
			isa = PBXGroup;
			children = (
				2270B763278BFEC4004703FE /* main.swift */,
			);
			name = "이중우선순위큐";
			path = "이중우선순위큐";
			sourceTree = "<group>";
		};
		228CD5FB2780A35E00151F06 /* 2020 카카오 인턴십 */ = {
			isa = PBXGroup;
			children = (
				222F517E279D7B1C00072BE5 /* 수식 최대화 */,
				228CD5FC2780A38A00151F06 /* 키패드 누르기 */,
			);
			name = "2020 카카오 인턴십";
			path = "2020 카카오 인턴십";
			sourceTree = "<group>";
		};
		228CD5FC2780A38A00151F06 /* 키패드 누르기 */ = {
			isa = PBXGroup;
			children = (
				228CD5FD2780A39B00151F06 /* main.swift */,
			);
			name = "키패드 누르기";
			path = "키패드 누르기";
			sourceTree = "<group>";
		};
		228CD5FF2780BD4400151F06 /* 그리디 */ = {
			isa = PBXGroup;
			children = (
				228CD6002780BD4E00151F06 /* 체육복 */,
			);
			name = "그리디";
			path = "그리디";
			sourceTree = "<group>";
		};
		228CD6002780BD4E00151F06 /* 체육복 */ = {
			isa = PBXGroup;
			children = (
				228CD6012780BD6000151F06 /* main.swift */,
			);
			name = "체육복";
			path = "체육복";
			sourceTree = "<group>";
		};
		228E5727279C17BF00C60B1B /* 방문 길이 */ = {
			isa = PBXGroup;
			children = (
				228E5728279C17D300C60B1B /* main.swift */,
			);
			name = "방문 길이";
			sourceTree = "<group>";
		};
		229209582755BA4E001657FB /* LeetCode977 */ = {
			isa = PBXGroup;
			children = (
				229209592755BA77001657FB /* main.swift */,
			);
			path = LeetCode977;
			sourceTree = "<group>";
		};
		2292095B27565DC7001657FB /* LeetCode189 */ = {
			isa = PBXGroup;
			children = (
				2292095C27565DDA001657FB /* main.swift */,
			);
			path = LeetCode189;
			sourceTree = "<group>";
		};
		22B04633278F1F6E00FDD67C /* 2021 카카오 채용연계형 인턴십 */ = {
			isa = PBXGroup;
			children = (
				22B04634278F1F7C00FDD67C /* 거리두기 확인하기 */,
			);
			name = "2021 카카오 채용연계형 인턴십";
			path = "2021 카카오 채용연계형 인턴십";
			sourceTree = "<group>";
		};
		22B04634278F1F7C00FDD67C /* 거리두기 확인하기 */ = {
			isa = PBXGroup;
			children = (
				22B04635278F1F8E00FDD67C /* main.swift */,
			);
			name = "거리두기 확인하기";
			path = "거리두기 확인하기";
			sourceTree = "<group>";
		};
		22B8831F2791B0B100876A19 /* 2019 카카오 개발자 겨울 인턴십 */ = {
			isa = PBXGroup;
			children = (
				22B883202791B0C700876A19 /* 불량 사용자 */,
			);
			name = "2019 카카오 개발자 겨울 인턴십";
			path = "2019 카카오 개발자 겨울 인턴십";
			sourceTree = "<group>";
		};
		22B883202791B0C700876A19 /* 불량 사용자 */ = {
			isa = PBXGroup;
			children = (
				22B883212791B0D700876A19 /* main.swift */,
			);
			name = "불량 사용자";
			path = "불량 사용자";
			sourceTree = "<group>";
		};
		22B88323279332A500876A19 /* 월간 코드 챌린지 시즌2 */ = {
			isa = PBXGroup;
			children = (
				22B88324279332B200876A19 /* 괄호 회전하기 */,
			);
			name = "월간 코드 챌린지 시즌2";
			path = "월간 코드 챌린지 시즌2";
			sourceTree = "<group>";
		};
		22B88324279332B200876A19 /* 괄호 회전하기 */ = {
			isa = PBXGroup;
			children = (
				22B88325279332C200876A19 /* main.swift */,
			);
			name = "괄호 회전하기";
			path = "괄호 회전하기";
			sourceTree = "<group>";
		};
		22D734E127797E9200D22AC1 /* 월간 코드 챌린지 시즌3 */ = {
			isa = PBXGroup;
			children = (
				22D734E327797EBC00D22AC1 /* 빛의 경로 사이클 */,
			);
			name = "월간 코드 챌린지 시즌3";
			path = "월간 코드 챌린지 시즌3";
			sourceTree = "<group>";
		};
		22D734E327797EBC00D22AC1 /* 빛의 경로 사이클 */ = {
			isa = PBXGroup;
			children = (
				22D734E427797ED400D22AC1 /* main.swift */,
			);
			name = "빛의 경로 사이클";
			path = "빛의 경로 사이클";
			sourceTree = "<group>";
		};
		22FDC7272795C0AF00F8A22C /* 2600 */ = {
			isa = PBXGroup;
			children = (
				22FDC7282795C0B600F8A22C /* 2606 */,
			);
			path = 2600;
			sourceTree = "<group>";
		};
		22FDC7282795C0B600F8A22C /* 2606 */ = {
			isa = PBXGroup;
			children = (
				22FDC7292795C0C300F8A22C /* main.swift */,
			);
			path = 2606;
			sourceTree = "<group>";
		};
		22FDC72B2796DEE500F8A22C /* 1900 */ = {
			isa = PBXGroup;
			children = (
				22FDC72C2796DEEB00F8A22C /* 1926 */,
			);
			path = 1900;
			sourceTree = "<group>";
		};
		22FDC72C2796DEEB00F8A22C /* 1926 */ = {
			isa = PBXGroup;
			children = (
				22FDC72D2796DEF600F8A22C /* main.swift */,
			);
			path = 1926;
			sourceTree = "<group>";
		};
		22FF5C7C2784572200794118 /* 위클리 챌린지 */ = {
			isa = PBXGroup;
			children = (
				22FF5C7D2784573D00794118 /* 피로도 */,
			);
			name = "위클리 챌린지";
			path = "위클리 챌린지";
			sourceTree = "<group>";
		};
		22FF5C7D2784573D00794118 /* 피로도 */ = {
			isa = PBXGroup;
			children = (
				22FF5C7E2784574D00794118 /* main.swift */,
			);
			name = "피로도";
			path = "피로도";
			sourceTree = "<group>";
		};
		22FF5C822784835D00794118 /* LeetCode46 */ = {
			isa = PBXGroup;
			children = (
				22FF5C832784836F00794118 /* main.swift */,
			);
			path = LeetCode46;
			sourceTree = "<group>";
		};
/* End PBXGroup section */

/* Begin PBXNativeTarget section */
		2217CE7426E9FD5C00851DCE /* SwiftAlgorithms */ = {
			isa = PBXNativeTarget;
			buildConfigurationList = 2217CE7C26E9FD5C00851DCE /* Build configuration list for PBXNativeTarget "SwiftAlgorithms" */;
			buildPhases = (
				2217CE7126E9FD5C00851DCE /* Sources */,
				2217CE7226E9FD5C00851DCE /* Frameworks */,
				2217CE7326E9FD5C00851DCE /* CopyFiles */,
			);
			buildRules = (
			);
			dependencies = (
			);
			name = SwiftAlgorithms;
			productName = AlgorithmStudy;
			productReference = 2217CE7526E9FD5C00851DCE /* SwiftAlgorithms */;
			productType = "com.apple.product-type.tool";
		};
/* End PBXNativeTarget section */

/* Begin PBXProject section */
		2217CE6D26E9FD5C00851DCE /* Project object */ = {
			isa = PBXProject;
			attributes = {
				LastSwiftUpdateCheck = 1250;
				LastUpgradeCheck = 1310;
				TargetAttributes = {
					2217CE7426E9FD5C00851DCE = {
						CreatedOnToolsVersion = 12.5.1;
						LastSwiftMigration = 1320;
					};
				};
			};
			buildConfigurationList = 2217CE7026E9FD5C00851DCE /* Build configuration list for PBXProject "SwiftAlgorithms" */;
			compatibilityVersion = "Xcode 9.3";
			developmentRegion = en;
			hasScannedForEncodings = 0;
			knownRegions = (
				en,
				Base,
			);
			mainGroup = 2217CE6C26E9FD5C00851DCE;
			productRefGroup = 2217CE7626E9FD5C00851DCE /* Products */;
			projectDirPath = "";
			projectRoot = "";
			targets = (
				2217CE7426E9FD5C00851DCE /* SwiftAlgorithms */,
			);
		};
/* End PBXProject section */

/* Begin PBXSourcesBuildPhase section */
		2217CE7126E9FD5C00851DCE /* Sources */ = {
			isa = PBXSourcesBuildPhase;
			buildActionMask = 2147483647;
			files = (
				222F5180279D7B2E00072BE5 /* main.swift in Sources */,
			);
			runOnlyForDeploymentPostprocessing = 0;
		};
/* End PBXSourcesBuildPhase section */

/* Begin XCBuildConfiguration section */
		2217CE7A26E9FD5C00851DCE /* Debug */ = {
			isa = XCBuildConfiguration;
			buildSettings = {
				ALWAYS_SEARCH_USER_PATHS = NO;
				CLANG_ANALYZER_NONNULL = YES;
				CLANG_ANALYZER_NUMBER_OBJECT_CONVERSION = YES_AGGRESSIVE;
				CLANG_CXX_LANGUAGE_STANDARD = "gnu++14";
				CLANG_CXX_LIBRARY = "libc++";
				CLANG_ENABLE_MODULES = YES;
				CLANG_ENABLE_OBJC_ARC = YES;
				CLANG_ENABLE_OBJC_WEAK = YES;
				CLANG_WARN_BLOCK_CAPTURE_AUTORELEASING = YES;
				CLANG_WARN_BOOL_CONVERSION = YES;
				CLANG_WARN_COMMA = YES;
				CLANG_WARN_CONSTANT_CONVERSION = YES;
				CLANG_WARN_DEPRECATED_OBJC_IMPLEMENTATIONS = YES;
				CLANG_WARN_DIRECT_OBJC_ISA_USAGE = YES_ERROR;
				CLANG_WARN_DOCUMENTATION_COMMENTS = YES;
				CLANG_WARN_EMPTY_BODY = YES;
				CLANG_WARN_ENUM_CONVERSION = YES;
				CLANG_WARN_INFINITE_RECURSION = YES;
				CLANG_WARN_INT_CONVERSION = YES;
				CLANG_WARN_NON_LITERAL_NULL_CONVERSION = YES;
				CLANG_WARN_OBJC_IMPLICIT_RETAIN_SELF = YES;
				CLANG_WARN_OBJC_LITERAL_CONVERSION = YES;
				CLANG_WARN_OBJC_ROOT_CLASS = YES_ERROR;
				CLANG_WARN_QUOTED_INCLUDE_IN_FRAMEWORK_HEADER = YES;
				CLANG_WARN_RANGE_LOOP_ANALYSIS = YES;
				CLANG_WARN_STRICT_PROTOTYPES = YES;
				CLANG_WARN_SUSPICIOUS_MOVE = YES;
				CLANG_WARN_UNGUARDED_AVAILABILITY = YES_AGGRESSIVE;
				CLANG_WARN_UNREACHABLE_CODE = YES;
				CLANG_WARN__DUPLICATE_METHOD_MATCH = YES;
				COPY_PHASE_STRIP = NO;
				DEBUG_INFORMATION_FORMAT = dwarf;
				ENABLE_STRICT_OBJC_MSGSEND = YES;
				ENABLE_TESTABILITY = YES;
				GCC_C_LANGUAGE_STANDARD = gnu11;
				GCC_DYNAMIC_NO_PIC = NO;
				GCC_NO_COMMON_BLOCKS = YES;
				GCC_OPTIMIZATION_LEVEL = 0;
				GCC_PREPROCESSOR_DEFINITIONS = (
					"DEBUG=1",
					"$(inherited)",
				);
				GCC_WARN_64_TO_32_BIT_CONVERSION = YES;
				GCC_WARN_ABOUT_RETURN_TYPE = YES_ERROR;
				GCC_WARN_UNDECLARED_SELECTOR = YES;
				GCC_WARN_UNINITIALIZED_AUTOS = YES_AGGRESSIVE;
				GCC_WARN_UNUSED_FUNCTION = YES;
				GCC_WARN_UNUSED_VARIABLE = YES;
				MACOSX_DEPLOYMENT_TARGET = 11.3;
				MTL_ENABLE_DEBUG_INFO = INCLUDE_SOURCE;
				MTL_FAST_MATH = YES;
				ONLY_ACTIVE_ARCH = YES;
				SDKROOT = macosx;
				SWIFT_ACTIVE_COMPILATION_CONDITIONS = DEBUG;
				SWIFT_OPTIMIZATION_LEVEL = "-Onone";
			};
			name = Debug;
		};
		2217CE7B26E9FD5C00851DCE /* Release */ = {
			isa = XCBuildConfiguration;
			buildSettings = {
				ALWAYS_SEARCH_USER_PATHS = NO;
				CLANG_ANALYZER_NONNULL = YES;
				CLANG_ANALYZER_NUMBER_OBJECT_CONVERSION = YES_AGGRESSIVE;
				CLANG_CXX_LANGUAGE_STANDARD = "gnu++14";
				CLANG_CXX_LIBRARY = "libc++";
				CLANG_ENABLE_MODULES = YES;
				CLANG_ENABLE_OBJC_ARC = YES;
				CLANG_ENABLE_OBJC_WEAK = YES;
				CLANG_WARN_BLOCK_CAPTURE_AUTORELEASING = YES;
				CLANG_WARN_BOOL_CONVERSION = YES;
				CLANG_WARN_COMMA = YES;
				CLANG_WARN_CONSTANT_CONVERSION = YES;
				CLANG_WARN_DEPRECATED_OBJC_IMPLEMENTATIONS = YES;
				CLANG_WARN_DIRECT_OBJC_ISA_USAGE = YES_ERROR;
				CLANG_WARN_DOCUMENTATION_COMMENTS = YES;
				CLANG_WARN_EMPTY_BODY = YES;
				CLANG_WARN_ENUM_CONVERSION = YES;
				CLANG_WARN_INFINITE_RECURSION = YES;
				CLANG_WARN_INT_CONVERSION = YES;
				CLANG_WARN_NON_LITERAL_NULL_CONVERSION = YES;
				CLANG_WARN_OBJC_IMPLICIT_RETAIN_SELF = YES;
				CLANG_WARN_OBJC_LITERAL_CONVERSION = YES;
				CLANG_WARN_OBJC_ROOT_CLASS = YES_ERROR;
				CLANG_WARN_QUOTED_INCLUDE_IN_FRAMEWORK_HEADER = YES;
				CLANG_WARN_RANGE_LOOP_ANALYSIS = YES;
				CLANG_WARN_STRICT_PROTOTYPES = YES;
				CLANG_WARN_SUSPICIOUS_MOVE = YES;
				CLANG_WARN_UNGUARDED_AVAILABILITY = YES_AGGRESSIVE;
				CLANG_WARN_UNREACHABLE_CODE = YES;
				CLANG_WARN__DUPLICATE_METHOD_MATCH = YES;
				COPY_PHASE_STRIP = NO;
				DEBUG_INFORMATION_FORMAT = "dwarf-with-dsym";
				ENABLE_NS_ASSERTIONS = NO;
				ENABLE_STRICT_OBJC_MSGSEND = YES;
				GCC_C_LANGUAGE_STANDARD = gnu11;
				GCC_NO_COMMON_BLOCKS = YES;
				GCC_WARN_64_TO_32_BIT_CONVERSION = YES;
				GCC_WARN_ABOUT_RETURN_TYPE = YES_ERROR;
				GCC_WARN_UNDECLARED_SELECTOR = YES;
				GCC_WARN_UNINITIALIZED_AUTOS = YES_AGGRESSIVE;
				GCC_WARN_UNUSED_FUNCTION = YES;
				GCC_WARN_UNUSED_VARIABLE = YES;
				MACOSX_DEPLOYMENT_TARGET = 11.3;
				MTL_ENABLE_DEBUG_INFO = NO;
				MTL_FAST_MATH = YES;
				SDKROOT = macosx;
				SWIFT_COMPILATION_MODE = wholemodule;
				SWIFT_OPTIMIZATION_LEVEL = "-O";
			};
			name = Release;
		};
		2217CE7D26E9FD5C00851DCE /* Debug */ = {
			isa = XCBuildConfiguration;
			buildSettings = {
				CLANG_ENABLE_MODULES = YES;
				CODE_SIGN_IDENTITY = "-";
				CODE_SIGN_STYLE = Automatic;
				DEVELOPMENT_TEAM = X4KXY85MB9;
				ENABLE_HARDENED_RUNTIME = YES;
				LD_RUNPATH_SEARCH_PATHS = (
					"$(inherited)",
					"@executable_path/../Frameworks",
					"@loader_path/../Frameworks",
				);
				PRODUCT_NAME = "$(TARGET_NAME)";
				SWIFT_OPTIMIZATION_LEVEL = "-Onone";
				SWIFT_VERSION = 5.0;
			};
			name = Debug;
		};
		2217CE7E26E9FD5C00851DCE /* Release */ = {
			isa = XCBuildConfiguration;
			buildSettings = {
				CLANG_ENABLE_MODULES = YES;
				CODE_SIGN_IDENTITY = "-";
				CODE_SIGN_STYLE = Automatic;
				DEVELOPMENT_TEAM = X4KXY85MB9;
				ENABLE_HARDENED_RUNTIME = YES;
				LD_RUNPATH_SEARCH_PATHS = (
					"$(inherited)",
					"@executable_path/../Frameworks",
					"@loader_path/../Frameworks",
				);
				PRODUCT_NAME = "$(TARGET_NAME)";
				SWIFT_VERSION = 5.0;
			};
			name = Release;
		};
/* End XCBuildConfiguration section */

/* Begin XCConfigurationList section */
		2217CE7026E9FD5C00851DCE /* Build configuration list for PBXProject "SwiftAlgorithms" */ = {
			isa = XCConfigurationList;
			buildConfigurations = (
				2217CE7A26E9FD5C00851DCE /* Debug */,
				2217CE7B26E9FD5C00851DCE /* Release */,
			);
			defaultConfigurationIsVisible = 0;
			defaultConfigurationName = Release;
		};
		2217CE7C26E9FD5C00851DCE /* Build configuration list for PBXNativeTarget "SwiftAlgorithms" */ = {
			isa = XCConfigurationList;
			buildConfigurations = (
				2217CE7D26E9FD5C00851DCE /* Debug */,
				2217CE7E26E9FD5C00851DCE /* Release */,
			);
			defaultConfigurationIsVisible = 0;
			defaultConfigurationName = Release;
		};
/* End XCConfigurationList section */
	};
	rootObject = 2217CE6D26E9FD5C00851DCE /* Project object */;
}
